
Microsoft Visual Studio Solution File, Format Version 12.00
# Visual Studio Version 16
VisualStudioVersion = 16.0.30104.148
MinimumVisualStudioVersion = 10.0.40219.1
Project("{FAE04EC0-301F-11D3-BF4B-00C04F79EFBC}") = "Lab9", "Lab9.csproj", "{52E336E5-DAC6-48E2-9A48-5063FC4B9B01}"
EndProject
Global
	GlobalSection(SolutionConfigurationPlatforms) = preSolution
		Debug|Any CPU = Debug|Any CPU
		Release|Any CPU = Release|Any CPU
	EndGlobalSection
	GlobalSection(ProjectConfigurationPlatforms) = postSolution
		{52E336E5-DAC6-48E2-9A48-5063FC4B9B01}.Debug|Any CPU.ActiveCfg = Debug|Any CPU
		{52E336E5-DAC6-48E2-9A48-5063FC4B9B01}.Debug|Any CPU.Build.0 = Debug|Any CPU
		{52E336E5-DAC6-48E2-9A48-5063FC4B9B01}.Release|Any CPU.ActiveCfg = Release|Any CPU
		{52E336E5-DAC6-48E2-9A48-5063FC4B9B01}.Release|Any CPU.Build.0 = Release|Any CPU
	EndGlobalSection
	GlobalSection(SolutionProperties) = preSolution
		HideSolutionNode = FALSE
	EndGlobalSection
	GlobalSection(ExtensibilityGlobals) = postSolution
		SolutionGuid = {4DB5CFB1-7BB5-4D10-B0E8-704FE9CDEF00}
	EndGlobalSection
EndGlobal
